# THIS IS AN AUTOGENERATED FILE. DO NOT EDIT THIS FILE DIRECTLY.
# yarn lockfile v1


concordance@4.0.0:
  version "4.0.0"
  resolved "https://registry.yarnpkg.com/concordance/-/concordance-4.0.0.tgz#5932fdee397d129bdbc3a1885fbe69839b1b7e15"
  dependencies:
    date-time "^2.1.0"
    esutils "^2.0.2"
    fast-diff "^1.1.2"
    js-string-escape "^1.0.1"
    lodash.clonedeep "^4.5.0"
    lodash.flattendeep "^4.4.0"
    lodash.islength "^4.0.1"
    lodash.merge "^4.6.1"
    md5-hex "^2.0.0"
    semver "^5.5.1"
    well-known-symbols "^2.0.0"

date-time@^2.1.0:
  version "2.1.0"
  resolved "https://registry.yarnpkg.com/date-time/-/date-time-2.1.0.tgz#0286d1b4c769633b3ca13e1e62558d2dbdc2eba2"
  dependencies:
    time-zone "^1.0.0"

esutils@^2.0.2:
  version "2.0.2"
  resolved "https://registry.yarnpkg.com/esutils/-/esutils-2.0.2.tgz#0abf4f1caa5bcb1f7a9d8acc6dea4faaa04bac9b"

fast-diff@^1.1.2:
  version "1.2.0"
  resolved "https://registry.yarnpkg.com/fast-diff/-/fast-diff-1.2.0.tgz#73ee11982d86caaf7959828d519cfe927fac5f03"

js-string-escape@^1.0.1:
  version "1.0.1"
  resolved "https://registry.yarnpkg.com/js-string-escape/-/js-string-escape-1.0.1.tgz#e2625badbc0d67c7533e9edc1068c587ae4137ef"

lodash.clonedeep@^4.5.0:
  version "4.5.0"
  resolved "https://registry.yarnpkg.com/lodash.clonedeep/-/lodash.clonedeep-4.5.0.tgz#e23f3f9c4f8fbdde872529c1071857a086e5ccef"

lodash.flattendeep@^4.4.0:
  version "4.4.0"
  resolved "https://registry.yarnpkg.com/lodash.flattendeep/-/lodash.flattendeep-4.4.0.tgz#fb030917f86a3134e5bc9bec0d69e0013ddfedb2"

lodash.islength@^4.0.1:
  version "4.0.1"
  resolved "https://registry.yarnpkg.com/lodash.islength/-/lodash.islength-4.0.1.tgz#4e9868d452575d750affd358c979543dc20ed577"

lodash.merge@^4.6.1:
  version "4.6.1"
  resolved "https://registry.yarnpkg.com/lodash.merge/-/lodash.merge-4.6.1.tgz#adc25d9cb99b9391c59624f379fbba60d7111d54"

md5-hex@^2.0.0:
  version "2.0.0"
  resolved "https://registry.yarnpkg.com/md5-hex/-/md5-hex-2.0.0.tgz#d0588e9f1c74954492ecd24ac0ac6ce997d92e33"
  dependencies:
    md5-o-matic "^0.1.1"

md5-o-matic@^0.1.1:
  version "0.1.1"
  resolved "https://registry.yarnpkg.com/md5-o-matic/-/md5-o-matic-0.1.1.tgz#822bccd65e117c514fab176b25945d54100a03c3"

semver@^5.5.1:
  version "5.7.0"
  resolved "https://registry.yarnpkg.com/semver/-/semver-5.7.0.tgz#790a7cf6fea5459bac96110b29b60412dc8ff96b"

time-zone@^1.0.0:
  version "1.0.0"
  resolved "https://registry.yarnpkg.com/time-zone/-/time-zone-1.0.0.tgz#99c5bf55958966af6d06d83bdf3800dc82faec5d"

vanad@0.0.3-alpha:
  version "0.0.3-alpha"
  resolved "https://registry.yarnpkg.com/vanad/-/vanad-0.0.3-alpha.tgz#f4065a78c3b370132788988987bbab7e9c108307"
  dependencies:
    concordance "4.0.0"

well-known-symbols@^2.0.0:
  version "2.0.0"
  resolved "https://registry.yarnpkg.com/well-known-symbols/-/well-known-symbols-2.0.0.tgz#e9c7c07dbd132b7b84212c8174391ec1f9871ba5"
